
Microsoft Visual Studio Solution File, Format Version 12.00
# Visual Studio Version 17
VisualStudioVersion = 17.8.34408.163
MinimumVisualStudioVersion = 10.0.40219.1
Project("{FAE04EC0-301F-11D3-BF4B-00C04F79EFBC}") = "ADO.NET", "ADO.NET\ADO.NET.csproj", "{E7B741A9-218C-4A51-8F19-9E75562E8F49}"
EndProject
Global
	GlobalSection(SolutionConfigurationPlatforms) = preSolution
		Debug|Any CPU = Debug|Any CPU
		Release|Any CPU = Release|Any CPU
	EndGlobalSection
	GlobalSection(ProjectConfigurationPlatforms) = postSolution
		{E7B741A9-218C-4A51-8F19-9E75562E8F49}.Debug|Any CPU.ActiveCfg = Debug|Any CPU
		{E7B741A9-218C-4A51-8F19-9E75562E8F49}.Debug|Any CPU.Build.0 = Debug|Any CPU
		{E7B741A9-218C-4A51-8F19-9E75562E8F49}.Release|Any CPU.ActiveCfg = Release|Any CPU
		{E7B741A9-218C-4A51-8F19-9E75562E8F49}.Release|Any CPU.Build.0 = Release|Any CPU
	EndGlobalSection
	GlobalSection(SolutionProperties) = preSolution
		HideSolutionNode = FALSE
	EndGlobalSection
	GlobalSection(ExtensibilityGlobals) = postSolution
		SolutionGuid = {1C135924-948A-4BE8-A77D-C693650FD58F}
	EndGlobalSection
EndGlobal
